{
  "version": 1,
  "workspace": {"members": {"marqraft-cli": "."}, "manifest_fingerprint": "9fa0cedddb58fd0175823373431bddaf8e7a451bc9f87a9a4f7cdc791afbed09"},
  "toolchain": {"kex": "0.4.0", "kex_requirement": ">= 0.4.0-beta.2", "otp": 29, "otp_requirement": ""},
  "packages": {
    "marqraft-cli": {"version": "0.1.0", "source": "workspace", "git": "", "resolved": "", "commit": "", "subdir": "", "path": ".", "sha256": "", "groups": [], "dependencies": ["rodolfo"], "plugins": {}, "workspace": true},
    "rodolfo": {"version": "0.2.0", "source": "path", "git": "", "resolved": "", "commit": "", "subdir": "", "path": "vendor/rodolfo", "sha256": "221d291cb8139a652cb619587258e2761230e41652f2157a7c92c48d40db0868", "groups": [], "dependencies": [], "plugins": {}, "workspace": false}
  },
  "plugins": {"approvals": {}}
}
